// !$*UTF8*$!
{
	archiveVersion = 1;
	classes = {
	};
	objectVersion = 50;
	objects = {

/* Begin PBXBuildFile section */
		367E908323B05DDF00A90F0A /* TaskTableViewController.swift in Sources */ = {isa = PBXBuildFile; fileRef = 367E908223B05DDF00A90F0A /* TaskTableViewController.swift */; };
		367E908523B05E8000A90F0A /* ImportantTableViewController.swift in Sources */ = {isa = PBXBuildFile; fileRef = 367E908423B05E8000A90F0A /* ImportantTableViewController.swift */; };
		367E908723B05E8E00A90F0A /* PlannedTableViewController.swift in Sources */ = {isa = PBXBuildFile; fileRef = 367E908623B05E8E00A90F0A /* PlannedTableViewController.swift */; };
		3694C3F723AE7DC500727A49 /* AppDelegate.swift in Sources */ = {isa = PBXBuildFile; fileRef = 3694C3F623AE7DC500727A49 /* AppDelegate.swift */; };
		3694C3F923AE7DC500727A49 /* SceneDelegate.swift in Sources */ = {isa = PBXBuildFile; fileRef = 3694C3F823AE7DC500727A49 /* SceneDelegate.swift */; };
		3694C3FE23AE7DC500727A49 /* Main.storyboard in Resources */ = {isa = PBXBuildFile; fileRef = 3694C3FC23AE7DC500727A49 /* Main.storyboard */; };
		3694C40123AE7DC500727A49 /* Minimalist.xcdatamodeld in Sources */ = {isa = PBXBuildFile; fileRef = 3694C3FF23AE7DC500727A49 /* Minimalist.xcdatamodeld */; };
		3694C40323AE7DC900727A49 /* Assets.xcassets in Resources */ = {isa = PBXBuildFile; fileRef = 3694C40223AE7DC900727A49 /* Assets.xcassets */; };
		3694C40623AE7DC900727A49 /* LaunchScreen.storyboard in Resources */ = {isa = PBXBuildFile; fileRef = 3694C40423AE7DC900727A49 /* LaunchScreen.storyboard */; };
		3694C40E23AE7FE300727A49 /* ListeTableViewController.swift in Sources */ = {isa = PBXBuildFile; fileRef = 3694C40D23AE7FE300727A49 /* ListeTableViewController.swift */; };
		3694C41023AE8C9700727A49 /* TaskDynamicTableViewController.swift in Sources */ = {isa = PBXBuildFile; fileRef = 3694C40F23AE8C9700727A49 /* TaskDynamicTableViewController.swift */; };
		3694C41223AE943D00727A49 /* TaskTableViewCell.swift in Sources */ = {isa = PBXBuildFile; fileRef = 3694C41123AE943D00727A49 /* TaskTableViewCell.swift */; };
		3694C41C23AF9AD000727A49 /* NewTaskViewController.swift in Sources */ = {isa = PBXBuildFile; fileRef = 3694C41B23AF9AD000727A49 /* NewTaskViewController.swift */; };
/* End PBXBuildFile section */

/* Begin PBXFileReference section */
		367E908223B05DDF00A90F0A /* TaskTableViewController.swift */ = {isa = PBXFileReference; lastKnownFileType = sourcecode.swift; path = TaskTableViewController.swift; sourceTree = "<group>"; };
		367E908423B05E8000A90F0A /* ImportantTableViewController.swift */ = {isa = PBXFileReference; lastKnownFileType = sourcecode.swift; path = ImportantTableViewController.swift; sourceTree = "<group>"; };
		367E908623B05E8E00A90F0A /* PlannedTableViewController.swift */ = {isa = PBXFileReference; lastKnownFileType = sourcecode.swift; path = PlannedTableViewController.swift; sourceTree = "<group>"; };
		3694C3F323AE7DC500727A49 /* Minimalist.app */ = {isa = PBXFileReference; explicitFileType = wrapper.application; includeInIndex = 0; path = Minimalist.app; sourceTree = BUILT_PRODUCTS_DIR; };
		3694C3F623AE7DC500727A49 /* AppDelegate.swift */ = {isa = PBXFileReference; lastKnownFileType = sourcecode.swift; path = AppDelegate.swift; sourceTree = "<group>"; };
		3694C3F823AE7DC500727A49 /* SceneDelegate.swift */ = {isa = PBXFileReference; lastKnownFileType = sourcecode.swift; path = SceneDelegate.swift; sourceTree = "<group>"; };
		3694C3FD23AE7DC500727A49 /* Base */ = {isa = PBXFileReference; lastKnownFileType = file.storyboard; name = Base; path = Base.lproj/Main.storyboard; sourceTree = "<group>"; };
		3694C40023AE7DC500727A49 /* Minimalist.xcdatamodel */ = {isa = PBXFileReference; lastKnownFileType = wrapper.xcdatamodel; path = Minimalist.xcdatamodel; sourceTree = "<group>"; };
		3694C40223AE7DC900727A49 /* Assets.xcassets */ = {isa = PBXFileReference; lastKnownFileType = folder.assetcatalog; path = Assets.xcassets; sourceTree = "<group>"; };
		3694C40523AE7DC900727A49 /* Base */ = {isa = PBXFileReference; lastKnownFileType = file.storyboard; name = Base; path = Base.lproj/LaunchScreen.storyboard; sourceTree = "<group>"; };
		3694C40723AE7DC900727A49 /* Info.plist */ = {isa = PBXFileReference; lastKnownFileType = text.plist.xml; path = Info.plist; sourceTree = "<group>"; };
		3694C40D23AE7FE300727A49 /* ListeTableViewController.swift */ = {isa = PBXFileReference; lastKnownFileType = sourcecode.swift; path = ListeTableViewController.swift; sourceTree = "<group>"; };
		3694C40F23AE8C9700727A49 /* TaskDynamicTableViewController.swift */ = {isa = PBXFileReference; lastKnownFileType = sourcecode.swift; path = TaskDynamicTableViewController.swift; sourceTree = "<group>"; };
		3694C41123AE943D00727A49 /* TaskTableViewCell.swift */ = {isa = PBXFileReference; lastKnownFileType = sourcecode.swift; path = TaskTableViewCell.swift; sourceTree = "<group>"; };
		3694C41B23AF9AD000727A49 /* NewTaskViewController.swift */ = {isa = PBXFileReference; lastKnownFileType = sourcecode.swift; path = NewTaskViewController.swift; sourceTree = "<group>"; };
/* End PBXFileReference section */

/* Begin PBXFrameworksBuildPhase section */
		3694C3F023AE7DC500727A49 /* Frameworks */ = {
			isa = PBXFrameworksBuildPhase;
			buildActionMask = 2147483647;
			files = (
			);
			runOnlyForDeploymentPostprocessing = 0;
		};
/* End PBXFrameworksBuildPhase section */

/* Begin PBXGroup section */
		3694C3EA23AE7DC500727A49 = {
			isa = PBXGroup;
			children = (
				3694C3F523AE7DC500727A49 /* Minimalist */,
				3694C3F423AE7DC500727A49 /* Products */,
			);
			sourceTree = "<group>";
		};
		3694C3F423AE7DC500727A49 /* Products */ = {
			isa = PBXGroup;
			children = (
				3694C3F323AE7DC500727A49 /* Minimalist.app */,
			);
			name = Products;
			sourceTree = "<group>";
		};
		3694C3F523AE7DC500727A49 /* Minimalist */ = {
			isa = PBXGroup;
			children = (
				3694C3F623AE7DC500727A49 /* AppDelegate.swift */,
				3694C3F823AE7DC500727A49 /* SceneDelegate.swift */,
				3694C40D23AE7FE300727A49 /* ListeTableViewController.swift */,
				367E908223B05DDF00A90F0A /* TaskTableViewController.swift */,
				367E908423B05E8000A90F0A /* ImportantTableViewController.swift */,
				367E908623B05E8E00A90F0A /* PlannedTableViewController.swift */,
				3694C40F23AE8C9700727A49 /* TaskDynamicTableViewController.swift */,
				3694C41B23AF9AD000727A49 /* NewTaskViewController.swift */,
				3694C41123AE943D00727A49 /* TaskTableViewCell.swift */,
				3694C3FC23AE7DC500727A49 /* Main.storyboard */,
				3694C40223AE7DC900727A49 /* Assets.xcassets */,
				3694C40423AE7DC900727A49 /* LaunchScreen.storyboard */,
				3694C40723AE7DC900727A49 /* Info.plist */,
				3694C3FF23AE7DC500727A49 /* Minimalist.xcdatamodeld */,
			);
			path = Minimalist;
			sourceTree = "<group>";
		};
/* End PBXGroup section */

/* Begin PBXNativeTarget section */
		3694C3F223AE7DC500727A49 /* Minimalist */ = {
			isa = PBXNativeTarget;
			buildConfigurationList = 3694C40A23AE7DC900727A49 /* Build configuration list for PBXNativeTarget "Minimalist" */;
			buildPhases = (
				3694C3EF23AE7DC500727A49 /* Sources */,
				3694C3F023AE7DC500727A49 /* Frameworks */,
				3694C3F123AE7DC500727A49 /* Resources */,
			);
			buildRules = (
			);
			dependencies = (
			);
			name = Minimalist;
			productName = Minimalist;
			productReference = 3694C3F323AE7DC500727A49 /* Minimalist.app */;
			productType = "com.apple.product-type.application";
		};
/* End PBXNativeTarget section */

/* Begin PBXProject section */
		3694C3EB23AE7DC500727A49 /* Project object */ = {
			isa = PBXProject;
			attributes = {
				LastSwiftUpdateCheck = 1130;
				LastUpgradeCheck = 1130;
				ORGANIZATIONNAME = Leuleu;
				TargetAttributes = {
					3694C3F223AE7DC500727A49 = {
						CreatedOnToolsVersion = 11.3;
					};
				};
			};
			buildConfigurationList = 3694C3EE23AE7DC500727A49 /* Build configuration list for PBXProject "Minimalist" */;
			compatibilityVersion = "Xcode 9.3";
			developmentRegion = en;
			hasScannedForEncodings = 0;
			knownRegions = (
				en,
				Base,
			);
			mainGroup = 3694C3EA23AE7DC500727A49;
			productRefGroup = 3694C3F423AE7DC500727A49 /* Products */;
			projectDirPath = "";
			projectRoot = "";
			targets = (
				3694C3F223AE7DC500727A49 /* Minimalist */,
			);
		};
/* End PBXProject section */

/* Begin PBXResourcesBuildPhase section */
		3694C3F123AE7DC500727A49 /* Resources */ = {
			isa = PBXResourcesBuildPhase;
			buildActionMask = 2147483647;
			files = (
				3694C40623AE7DC900727A49 /* LaunchScreen.storyboard in Resources */,
				3694C40323AE7DC900727A49 /* Assets.xcassets in Resources */,
				3694C3FE23AE7DC500727A49 /* Main.storyboard in Resources */,
			);
			runOnlyForDeploymentPostprocessing = 0;
		};
/* End PBXResourcesBuildPhase section */

/* Begin PBXSourcesBuildPhase section */
		3694C3EF23AE7DC500727A49 /* Sources */ = {
			isa = PBXSourcesBuildPhase;
			buildActionMask = 2147483647;
			files = (
				3694C3F723AE7DC500727A49 /* AppDelegate.swift in Sources */,
				3694C40E23AE7FE300727A49 /* ListeTableViewController.swift in Sources */,
				367E908323B05DDF00A90F0A /* TaskTableViewController.swift in Sources */,
				3694C41C23AF9AD000727A49 /* NewTaskViewController.swift in Sources */,
				367E908723B05E8E00A90F0A /* PlannedTableViewController.swift in Sources */,
				3694C41223AE943D00727A49 /* TaskTableViewCell.swift in Sources */,
				3694C41023AE8C9700727A49 /* TaskDynamicTableViewController.swift in Sources */,
				3694C40123AE7DC500727A49 /* Minimalist.xcdatamodeld in Sources */,
				367E908523B05E8000A90F0A /* ImportantTableViewController.swift in Sources */,
				3694C3F923AE7DC500727A49 /* SceneDelegate.swift in Sources */,
			);
			runOnlyForDeploymentPostprocessing = 0;
		};
/* End PBXSourcesBuildPhase section */

/* Begin PBXVariantGroup section */
		3694C3FC23AE7DC500727A49 /* Main.storyboard */ = {
			isa = PBXVariantGroup;
			children = (
				3694C3FD23AE7DC500727A49 /* Base */,
			);
			name = Main.storyboard;
			sourceTree = "<group>";
		};
		3694C40423AE7DC900727A49 /* LaunchScreen.storyboard */ = {
			isa = PBXVariantGroup;
			children = (
				3694C40523AE7DC900727A49 /* Base */,
			);
			name = LaunchScreen.storyboard;
			sourceTree = "<group>";
		};
/* End PBXVariantGroup section */

/* Begin XCBuildConfiguration section */
		3694C40823AE7DC900727A49 /* Debug */ = {
			isa = XCBuildConfiguration;
			buildSettings = {
				ALWAYS_SEARCH_USER_PATHS = NO;
				CLANG_ANALYZER_NONNULL = YES;
				CLANG_ANALYZER_NUMBER_OBJECT_CONVERSION = YES_AGGRESSIVE;
				CLANG_CXX_LANGUAGE_STANDARD = "gnu++14";
				CLANG_CXX_LIBRARY = "libc++";
				CLANG_ENABLE_MODULES = YES;
				CLANG_ENABLE_OBJC_ARC = YES;
				CLANG_ENABLE_OBJC_WEAK = YES;
				CLANG_WARN_BLOCK_CAPTURE_AUTORELEASING = YES;
				CLANG_WARN_BOOL_CONVERSION = YES;
				CLANG_WARN_COMMA = YES;
				CLANG_WARN_CONSTANT_CONVERSION = YES;
				CLANG_WARN_DEPRECATED_OBJC_IMPLEMENTATIONS = YES;
				CLANG_WARN_DIRECT_OBJC_ISA_USAGE = YES_ERROR;
				CLANG_WARN_DOCUMENTATION_COMMENTS = YES;
				CLANG_WARN_EMPTY_BODY = YES;
				CLANG_WARN_ENUM_CONVERSION = YES;
				CLANG_WARN_INFINITE_RECURSION = YES;
				CLANG_WARN_INT_CONVERSION = YES;
				CLANG_WARN_NON_LITERAL_NULL_CONVERSION = YES;
				CLANG_WARN_OBJC_IMPLICIT_RETAIN_SELF = YES;
				CLANG_WARN_OBJC_LITERAL_CONVERSION = YES;
				CLANG_WARN_OBJC_ROOT_CLASS = YES_ERROR;
				CLANG_WARN_RANGE_LOOP_ANALYSIS = YES;
				CLANG_WARN_STRICT_PROTOTYPES = YES;
				CLANG_WARN_SUSPICIOUS_MOVE = YES;
				CLANG_WARN_UNGUARDED_AVAILABILITY = YES_AGGRESSIVE;
				CLANG_WARN_UNREACHABLE_CODE = YES;
				CLANG_WARN__DUPLICATE_METHOD_MATCH = YES;
				COPY_PHASE_STRIP = NO;
				DEBUG_INFORMATION_FORMAT = dwarf;
				ENABLE_STRICT_OBJC_MSGSEND = YES;
				ENABLE_TESTABILITY = YES;
				GCC_C_LANGUAGE_STANDARD = gnu11;
				GCC_DYNAMIC_NO_PIC = NO;
				GCC_NO_COMMON_BLOCKS = YES;
				GCC_OPTIMIZATION_LEVEL = 0;
				GCC_PREPROCESSOR_DEFINITIONS = (
					"DEBUG=1",
					"$(inherited)",
				);
				GCC_WARN_64_TO_32_BIT_CONVERSION = YES;
				GCC_WARN_ABOUT_RETURN_TYPE = YES_ERROR;
				GCC_WARN_UNDECLARED_SELECTOR = YES;
				GCC_WARN_UNINITIALIZED_AUTOS = YES_AGGRESSIVE;
				GCC_WARN_UNUSED_FUNCTION = YES;
				GCC_WARN_UNUSED_VARIABLE = YES;
				IPHONEOS_DEPLOYMENT_TARGET = 13.2;
				MTL_ENABLE_DEBUG_INFO = INCLUDE_SOURCE;
				MTL_FAST_MATH = YES;
				ONLY_ACTIVE_ARCH = YES;
				SDKROOT = iphoneos;
				SWIFT_ACTIVE_COMPILATION_CONDITIONS = DEBUG;
				SWIFT_OPTIMIZATION_LEVEL = "-Onone";
			};
			name = Debug;
		};
		3694C40923AE7DC900727A49 /* Release */ = {
			isa = XCBuildConfiguration;
			buildSettings = {
				ALWAYS_SEARCH_USER_PATHS = NO;
				CLANG_ANALYZER_NONNULL = YES;
				CLANG_ANALYZER_NUMBER_OBJECT_CONVERSION = YES_AGGRESSIVE;
				CLANG_CXX_LANGUAGE_STANDARD = "gnu++14";
				CLANG_CXX_LIBRARY = "libc++";
				CLANG_ENABLE_MODULES = YES;
				CLANG_ENABLE_OBJC_ARC = YES;
				CLANG_ENABLE_OBJC_WEAK = YES;
				CLANG_WARN_BLOCK_CAPTURE_AUTORELEASING = YES;
				CLANG_WARN_BOOL_CONVERSION = YES;
				CLANG_WARN_COMMA = YES;
				CLANG_WARN_CONSTANT_CONVERSION = YES;
				CLANG_WARN_DEPRECATED_OBJC_IMPLEMENTATIONS = YES;
				CLANG_WARN_DIRECT_OBJC_ISA_USAGE = YES_ERROR;
				CLANG_WARN_DOCUMENTATION_COMMENTS = YES;
				CLANG_WARN_EMPTY_BODY = YES;
				CLANG_WARN_ENUM_CONVERSION = YES;
				CLANG_WARN_INFINITE_RECURSION = YES;
				CLANG_WARN_INT_CONVERSION = YES;
				CLANG_WARN_NON_LITERAL_NULL_CONVERSION = YES;
				CLANG_WARN_OBJC_IMPLICIT_RETAIN_SELF = YES;
				CLANG_WARN_OBJC_LITERAL_CONVERSION = YES;
				CLANG_WARN_OBJC_ROOT_CLASS = YES_ERROR;
				CLANG_WARN_RANGE_LOOP_ANALYSIS = YES;
				CLANG_WARN_STRICT_PROTOTYPES = YES;
				CLANG_WARN_SUSPICIOUS_MOVE = YES;
				CLANG_WARN_UNGUARDED_AVAILABILITY = YES_AGGRESSIVE;
				CLANG_WARN_UNREACHABLE_CODE = YES;
				CLANG_WARN__DUPLICATE_METHOD_MATCH = YES;
				COPY_PHASE_STRIP = NO;
				DEBUG_INFORMATION_FORMAT = "dwarf-with-dsym";
				ENABLE_NS_ASSERTIONS = NO;
				ENABLE_STRICT_OBJC_MSGSEND = YES;
				GCC_C_LANGUAGE_STANDARD = gnu11;
				GCC_NO_COMMON_BLOCKS = YES;
				GCC_WARN_64_TO_32_BIT_CONVERSION = YES;
				GCC_WARN_ABOUT_RETURN_TYPE = YES_ERROR;
				GCC_WARN_UNDECLARED_SELECTOR = YES;
				GCC_WARN_UNINITIALIZED_AUTOS = YES_AGGRESSIVE;
				GCC_WARN_UNUSED_FUNCTION = YES;
				GCC_WARN_UNUSED_VARIABLE = YES;
				IPHONEOS_DEPLOYMENT_TARGET = 13.2;
				MTL_ENABLE_DEBUG_INFO = NO;
				MTL_FAST_MATH = YES;
				SDKROOT = iphoneos;
				SWIFT_COMPILATION_MODE = wholemodule;
				SWIFT_OPTIMIZATION_LEVEL = "-O";
				VALIDATE_PRODUCT = YES;
			};
			name = Release;
		};
		3694C40B23AE7DC900727A49 /* Debug */ = {
			isa = XCBuildConfiguration;
			buildSettings = {
				ASSETCATALOG_COMPILER_APPICON_NAME = AppIcon;
				CODE_SIGN_STYLE = Automatic;
				DEVELOPMENT_TEAM = 2H66L8VL4G;
				INFOPLIST_FILE = Minimalist/Info.plist;
				LD_RUNPATH_SEARCH_PATHS = (
					"$(inherited)",
					"@executable_path/Frameworks",
				);
				PRODUCT_BUNDLE_IDENTIFIER = "haegel-teunissen.Minimalist";
				PRODUCT_NAME = "$(TARGET_NAME)";
				SWIFT_VERSION = 5.0;
				TARGETED_DEVICE_FAMILY = "1,2";
			};
			name = Debug;
		};
		3694C40C23AE7DC900727A49 /* Release */ = {
			isa = XCBuildConfiguration;
			buildSettings = {
				ASSETCATALOG_COMPILER_APPICON_NAME = AppIcon;
				CODE_SIGN_STYLE = Automatic;
				DEVELOPMENT_TEAM = 2H66L8VL4G;
				INFOPLIST_FILE = Minimalist/Info.plist;
				LD_RUNPATH_SEARCH_PATHS = (
					"$(inherited)",
					"@executable_path/Frameworks",
				);
				PRODUCT_BUNDLE_IDENTIFIER = "haegel-teunissen.Minimalist";
				PRODUCT_NAME = "$(TARGET_NAME)";
				SWIFT_VERSION = 5.0;
				TARGETED_DEVICE_FAMILY = "1,2";
			};
			name = Release;
		};
/* End XCBuildConfiguration section */

/* Begin XCConfigurationList section */
		3694C3EE23AE7DC500727A49 /* Build configuration list for PBXProject "Minimalist" */ = {
			isa = XCConfigurationList;
			buildConfigurations = (
				3694C40823AE7DC900727A49 /* Debug */,
				3694C40923AE7DC900727A49 /* Release */,
			);
			defaultConfigurationIsVisible = 0;
			defaultConfigurationName = Release;
		};
		3694C40A23AE7DC900727A49 /* Build configuration list for PBXNativeTarget "Minimalist" */ = {
			isa = XCConfigurationList;
			buildConfigurations = (
				3694C40B23AE7DC900727A49 /* Debug */,
				3694C40C23AE7DC900727A49 /* Release */,
			);
			defaultConfigurationIsVisible = 0;
			defaultConfigurationName = Release;
		};
/* End XCConfigurationList section */

/* Begin XCVersionGroup section */
		3694C3FF23AE7DC500727A49 /* Minimalist.xcdatamodeld */ = {
			isa = XCVersionGroup;
			children = (
				3694C40023AE7DC500727A49 /* Minimalist.xcdatamodel */,
			);
			currentVersion = 3694C40023AE7DC500727A49 /* Minimalist.xcdatamodel */;
			path = Minimalist.xcdatamodeld;
			sourceTree = "<group>";
			versionGroupType = wrapper.xcdatamodel;
		};
/* End XCVersionGroup section */
	};
	rootObject = 3694C3EB23AE7DC500727A49 /* Project object */;
}
