// !$*UTF8*$!
{
	archiveVersion = 1;
	classes = {
	};
	objectVersion = 50;
	objects = {

/* Begin PBXBuildFile section */
		36685826239FBFAD00346A56 /* AppDelegate.swift in Sources */ = {isa = PBXBuildFile; fileRef = 36685825239FBFAD00346A56 /* AppDelegate.swift */; };
		36685828239FBFAD00346A56 /* SceneDelegate.swift in Sources */ = {isa = PBXBuildFile; fileRef = 36685827239FBFAD00346A56 /* SceneDelegate.swift */; };
		3668582D239FBFAD00346A56 /* Main.storyboard in Resources */ = {isa = PBXBuildFile; fileRef = 3668582B239FBFAD00346A56 /* Main.storyboard */; };
		36685830239FBFAD00346A56 /* Minimalist.xcdatamodeld in Sources */ = {isa = PBXBuildFile; fileRef = 3668582E239FBFAD00346A56 /* Minimalist.xcdatamodeld */; };
		36685832239FBFAF00346A56 /* Assets.xcassets in Resources */ = {isa = PBXBuildFile; fileRef = 36685831239FBFAF00346A56 /* Assets.xcassets */; };
		36685835239FBFAF00346A56 /* LaunchScreen.storyboard in Resources */ = {isa = PBXBuildFile; fileRef = 36685833239FBFAF00346A56 /* LaunchScreen.storyboard */; };
		3668583F239FC1E600346A56 /* ListeTableViewController.swift in Sources */ = {isa = PBXBuildFile; fileRef = 3668583E239FC1E600346A56 /* ListeTableViewController.swift */; };
		36874FA323A000C3009C7FE4 /* CompleteViewController.swift in Sources */ = {isa = PBXBuildFile; fileRef = 36874FA223A000C3009C7FE4 /* CompleteViewController.swift */; };
		36874FA523A00290009C7FE4 /* TaskToDoTableViewController.swift in Sources */ = {isa = PBXBuildFile; fileRef = 36874FA423A00290009C7FE4 /* TaskToDoTableViewController.swift */; };
		36B1E049239FCE2700711016 /* TaskTableViewController.swift in Sources */ = {isa = PBXBuildFile; fileRef = 36B1E048239FCE2700711016 /* TaskTableViewController.swift */; };
		36B1E04B239FD14200711016 /* ListStaticTableViewCell.swift in Sources */ = {isa = PBXBuildFile; fileRef = 36B1E04A239FD14200711016 /* ListStaticTableViewCell.swift */; };
		36B1E070239FECCD00711016 /* TaskViewController.swift in Sources */ = {isa = PBXBuildFile; fileRef = 36B1E06F239FECCD00711016 /* TaskViewController.swift */; };
/* End PBXBuildFile section */

/* Begin PBXFileReference section */
		36685822239FBFAD00346A56 /* Minimalist.app */ = {isa = PBXFileReference; explicitFileType = wrapper.application; includeInIndex = 0; path = Minimalist.app; sourceTree = BUILT_PRODUCTS_DIR; };
		36685825239FBFAD00346A56 /* AppDelegate.swift */ = {isa = PBXFileReference; lastKnownFileType = sourcecode.swift; path = AppDelegate.swift; sourceTree = "<group>"; };
		36685827239FBFAD00346A56 /* SceneDelegate.swift */ = {isa = PBXFileReference; lastKnownFileType = sourcecode.swift; path = SceneDelegate.swift; sourceTree = "<group>"; };
		3668582C239FBFAD00346A56 /* Base */ = {isa = PBXFileReference; lastKnownFileType = file.storyboard; name = Base; path = Base.lproj/Main.storyboard; sourceTree = "<group>"; };
		3668582F239FBFAD00346A56 /* Minimalist.xcdatamodel */ = {isa = PBXFileReference; lastKnownFileType = wrapper.xcdatamodel; path = Minimalist.xcdatamodel; sourceTree = "<group>"; };
		36685831239FBFAF00346A56 /* Assets.xcassets */ = {isa = PBXFileReference; lastKnownFileType = folder.assetcatalog; path = Assets.xcassets; sourceTree = "<group>"; };
		36685834239FBFAF00346A56 /* Base */ = {isa = PBXFileReference; lastKnownFileType = file.storyboard; name = Base; path = Base.lproj/LaunchScreen.storyboard; sourceTree = "<group>"; };
		36685836239FBFAF00346A56 /* Info.plist */ = {isa = PBXFileReference; lastKnownFileType = text.plist.xml; path = Info.plist; sourceTree = "<group>"; };
		3668583E239FC1E600346A56 /* ListeTableViewController.swift */ = {isa = PBXFileReference; lastKnownFileType = sourcecode.swift; path = ListeTableViewController.swift; sourceTree = "<group>"; };
		36874FA223A000C3009C7FE4 /* CompleteViewController.swift */ = {isa = PBXFileReference; lastKnownFileType = sourcecode.swift; path = CompleteViewController.swift; sourceTree = "<group>"; };
		36874FA423A00290009C7FE4 /* TaskToDoTableViewController.swift */ = {isa = PBXFileReference; fileEncoding = 4; lastKnownFileType = sourcecode.swift; path = TaskToDoTableViewController.swift; sourceTree = "<group>"; };
		36B1E048239FCE2700711016 /* TaskTableViewController.swift */ = {isa = PBXFileReference; lastKnownFileType = sourcecode.swift; path = TaskTableViewController.swift; sourceTree = "<group>"; };
		36B1E04A239FD14200711016 /* ListStaticTableViewCell.swift */ = {isa = PBXFileReference; lastKnownFileType = sourcecode.swift; path = ListStaticTableViewCell.swift; sourceTree = "<group>"; };
		36B1E06F239FECCD00711016 /* TaskViewController.swift */ = {isa = PBXFileReference; lastKnownFileType = sourcecode.swift; path = TaskViewController.swift; sourceTree = "<group>"; };
/* End PBXFileReference section */

/* Begin PBXFrameworksBuildPhase section */
		3668581F239FBFAD00346A56 /* Frameworks */ = {
			isa = PBXFrameworksBuildPhase;
			buildActionMask = 2147483647;
			files = (
			);
			runOnlyForDeploymentPostprocessing = 0;
		};
/* End PBXFrameworksBuildPhase section */

/* Begin PBXGroup section */
		36685819239FBFAD00346A56 = {
			isa = PBXGroup;
			children = (
				36685824239FBFAD00346A56 /* Minimalist */,
				36685823239FBFAD00346A56 /* Products */,
			);
			sourceTree = "<group>";
		};
		36685823239FBFAD00346A56 /* Products */ = {
			isa = PBXGroup;
			children = (
				36685822239FBFAD00346A56 /* Minimalist.app */,
			);
			name = Products;
			sourceTree = "<group>";
		};
		36685824239FBFAD00346A56 /* Minimalist */ = {
			isa = PBXGroup;
			children = (
				36685825239FBFAD00346A56 /* AppDelegate.swift */,
				36685827239FBFAD00346A56 /* SceneDelegate.swift */,
				3668583E239FC1E600346A56 /* ListeTableViewController.swift */,
				36B1E04A239FD14200711016 /* ListStaticTableViewCell.swift */,
				36874FA423A00290009C7FE4 /* TaskToDoTableViewController.swift */,
				36B1E048239FCE2700711016 /* TaskTableViewController.swift */,
				36B1E06F239FECCD00711016 /* TaskViewController.swift */,
				36874FA223A000C3009C7FE4 /* CompleteViewController.swift */,
				3668582B239FBFAD00346A56 /* Main.storyboard */,
				36685831239FBFAF00346A56 /* Assets.xcassets */,
				36685833239FBFAF00346A56 /* LaunchScreen.storyboard */,
				36685836239FBFAF00346A56 /* Info.plist */,
				3668582E239FBFAD00346A56 /* Minimalist.xcdatamodeld */,
			);
			path = Minimalist;
			sourceTree = "<group>";
		};
/* End PBXGroup section */

/* Begin PBXNativeTarget section */
		36685821239FBFAD00346A56 /* Minimalist */ = {
			isa = PBXNativeTarget;
			buildConfigurationList = 36685839239FBFAF00346A56 /* Build configuration list for PBXNativeTarget "Minimalist" */;
			buildPhases = (
				3668581E239FBFAD00346A56 /* Sources */,
				3668581F239FBFAD00346A56 /* Frameworks */,
				36685820239FBFAD00346A56 /* Resources */,
			);
			buildRules = (
			);
			dependencies = (
			);
			name = Minimalist;
			productName = Minimalist;
			productReference = 36685822239FBFAD00346A56 /* Minimalist.app */;
			productType = "com.apple.product-type.application";
		};
/* End PBXNativeTarget section */

/* Begin PBXProject section */
		3668581A239FBFAD00346A56 /* Project object */ = {
			isa = PBXProject;
			attributes = {
				LastSwiftUpdateCheck = 1120;
				LastUpgradeCheck = 1120;
				ORGANIZATIONNAME = Leuleu;
				TargetAttributes = {
					36685821239FBFAD00346A56 = {
						CreatedOnToolsVersion = 11.2.1;
					};
				};
			};
			buildConfigurationList = 3668581D239FBFAD00346A56 /* Build configuration list for PBXProject "Minimalist" */;
			compatibilityVersion = "Xcode 9.3";
			developmentRegion = en;
			hasScannedForEncodings = 0;
			knownRegions = (
				en,
				Base,
			);
			mainGroup = 36685819239FBFAD00346A56;
			productRefGroup = 36685823239FBFAD00346A56 /* Products */;
			projectDirPath = "";
			projectRoot = "";
			targets = (
				36685821239FBFAD00346A56 /* Minimalist */,
			);
		};
/* End PBXProject section */

/* Begin PBXResourcesBuildPhase section */
		36685820239FBFAD00346A56 /* Resources */ = {
			isa = PBXResourcesBuildPhase;
			buildActionMask = 2147483647;
			files = (
				36685835239FBFAF00346A56 /* LaunchScreen.storyboard in Resources */,
				36685832239FBFAF00346A56 /* Assets.xcassets in Resources */,
				3668582D239FBFAD00346A56 /* Main.storyboard in Resources */,
			);
			runOnlyForDeploymentPostprocessing = 0;
		};
/* End PBXResourcesBuildPhase section */

/* Begin PBXSourcesBuildPhase section */
		3668581E239FBFAD00346A56 /* Sources */ = {
			isa = PBXSourcesBuildPhase;
			buildActionMask = 2147483647;
			files = (
				36B1E049239FCE2700711016 /* TaskTableViewController.swift in Sources */,
				36B1E04B239FD14200711016 /* ListStaticTableViewCell.swift in Sources */,
				36685826239FBFAD00346A56 /* AppDelegate.swift in Sources */,
				3668583F239FC1E600346A56 /* ListeTableViewController.swift in Sources */,
				36B1E070239FECCD00711016 /* TaskViewController.swift in Sources */,
				36685830239FBFAD00346A56 /* Minimalist.xcdatamodeld in Sources */,
				36685828239FBFAD00346A56 /* SceneDelegate.swift in Sources */,
				36874FA523A00290009C7FE4 /* TaskToDoTableViewController.swift in Sources */,
				36874FA323A000C3009C7FE4 /* CompleteViewController.swift in Sources */,
			);
			runOnlyForDeploymentPostprocessing = 0;
		};
/* End PBXSourcesBuildPhase section */

/* Begin PBXVariantGroup section */
		3668582B239FBFAD00346A56 /* Main.storyboard */ = {
			isa = PBXVariantGroup;
			children = (
				3668582C239FBFAD00346A56 /* Base */,
			);
			name = Main.storyboard;
			sourceTree = "<group>";
		};
		36685833239FBFAF00346A56 /* LaunchScreen.storyboard */ = {
			isa = PBXVariantGroup;
			children = (
				36685834239FBFAF00346A56 /* Base */,
			);
			name = LaunchScreen.storyboard;
			sourceTree = "<group>";
		};
/* End PBXVariantGroup section */

/* Begin XCBuildConfiguration section */
		36685837239FBFAF00346A56 /* Debug */ = {
			isa = XCBuildConfiguration;
			buildSettings = {
				ALWAYS_SEARCH_USER_PATHS = NO;
				CLANG_ANALYZER_NONNULL = YES;
				CLANG_ANALYZER_NUMBER_OBJECT_CONVERSION = YES_AGGRESSIVE;
				CLANG_CXX_LANGUAGE_STANDARD = "gnu++14";
				CLANG_CXX_LIBRARY = "libc++";
				CLANG_ENABLE_MODULES = YES;
				CLANG_ENABLE_OBJC_ARC = YES;
				CLANG_ENABLE_OBJC_WEAK = YES;
				CLANG_WARN_BLOCK_CAPTURE_AUTORELEASING = YES;
				CLANG_WARN_BOOL_CONVERSION = YES;
				CLANG_WARN_COMMA = YES;
				CLANG_WARN_CONSTANT_CONVERSION = YES;
				CLANG_WARN_DEPRECATED_OBJC_IMPLEMENTATIONS = YES;
				CLANG_WARN_DIRECT_OBJC_ISA_USAGE = YES_ERROR;
				CLANG_WARN_DOCUMENTATION_COMMENTS = YES;
				CLANG_WARN_EMPTY_BODY = YES;
				CLANG_WARN_ENUM_CONVERSION = YES;
				CLANG_WARN_INFINITE_RECURSION = YES;
				CLANG_WARN_INT_CONVERSION = YES;
				CLANG_WARN_NON_LITERAL_NULL_CONVERSION = YES;
				CLANG_WARN_OBJC_IMPLICIT_RETAIN_SELF = YES;
				CLANG_WARN_OBJC_LITERAL_CONVERSION = YES;
				CLANG_WARN_OBJC_ROOT_CLASS = YES_ERROR;
				CLANG_WARN_RANGE_LOOP_ANALYSIS = YES;
				CLANG_WARN_STRICT_PROTOTYPES = YES;
				CLANG_WARN_SUSPICIOUS_MOVE = YES;
				CLANG_WARN_UNGUARDED_AVAILABILITY = YES_AGGRESSIVE;
				CLANG_WARN_UNREACHABLE_CODE = YES;
				CLANG_WARN__DUPLICATE_METHOD_MATCH = YES;
				COPY_PHASE_STRIP = NO;
				DEBUG_INFORMATION_FORMAT = dwarf;
				ENABLE_STRICT_OBJC_MSGSEND = YES;
				ENABLE_TESTABILITY = YES;
				GCC_C_LANGUAGE_STANDARD = gnu11;
				GCC_DYNAMIC_NO_PIC = NO;
				GCC_NO_COMMON_BLOCKS = YES;
				GCC_OPTIMIZATION_LEVEL = 0;
				GCC_PREPROCESSOR_DEFINITIONS = (
					"DEBUG=1",
					"$(inherited)",
				);
				GCC_WARN_64_TO_32_BIT_CONVERSION = YES;
				GCC_WARN_ABOUT_RETURN_TYPE = YES_ERROR;
				GCC_WARN_UNDECLARED_SELECTOR = YES;
				GCC_WARN_UNINITIALIZED_AUTOS = YES_AGGRESSIVE;
				GCC_WARN_UNUSED_FUNCTION = YES;
				GCC_WARN_UNUSED_VARIABLE = YES;
				IPHONEOS_DEPLOYMENT_TARGET = 13.2;
				MTL_ENABLE_DEBUG_INFO = INCLUDE_SOURCE;
				MTL_FAST_MATH = YES;
				ONLY_ACTIVE_ARCH = YES;
				SDKROOT = iphoneos;
				SWIFT_ACTIVE_COMPILATION_CONDITIONS = DEBUG;
				SWIFT_OPTIMIZATION_LEVEL = "-Onone";
			};
			name = Debug;
		};
		36685838239FBFAF00346A56 /* Release */ = {
			isa = XCBuildConfiguration;
			buildSettings = {
				ALWAYS_SEARCH_USER_PATHS = NO;
				CLANG_ANALYZER_NONNULL = YES;
				CLANG_ANALYZER_NUMBER_OBJECT_CONVERSION = YES_AGGRESSIVE;
				CLANG_CXX_LANGUAGE_STANDARD = "gnu++14";
				CLANG_CXX_LIBRARY = "libc++";
				CLANG_ENABLE_MODULES = YES;
				CLANG_ENABLE_OBJC_ARC = YES;
				CLANG_ENABLE_OBJC_WEAK = YES;
				CLANG_WARN_BLOCK_CAPTURE_AUTORELEASING = YES;
				CLANG_WARN_BOOL_CONVERSION = YES;
				CLANG_WARN_COMMA = YES;
				CLANG_WARN_CONSTANT_CONVERSION = YES;
				CLANG_WARN_DEPRECATED_OBJC_IMPLEMENTATIONS = YES;
				CLANG_WARN_DIRECT_OBJC_ISA_USAGE = YES_ERROR;
				CLANG_WARN_DOCUMENTATION_COMMENTS = YES;
				CLANG_WARN_EMPTY_BODY = YES;
				CLANG_WARN_ENUM_CONVERSION = YES;
				CLANG_WARN_INFINITE_RECURSION = YES;
				CLANG_WARN_INT_CONVERSION = YES;
				CLANG_WARN_NON_LITERAL_NULL_CONVERSION = YES;
				CLANG_WARN_OBJC_IMPLICIT_RETAIN_SELF = YES;
				CLANG_WARN_OBJC_LITERAL_CONVERSION = YES;
				CLANG_WARN_OBJC_ROOT_CLASS = YES_ERROR;
				CLANG_WARN_RANGE_LOOP_ANALYSIS = YES;
				CLANG_WARN_STRICT_PROTOTYPES = YES;
				CLANG_WARN_SUSPICIOUS_MOVE = YES;
				CLANG_WARN_UNGUARDED_AVAILABILITY = YES_AGGRESSIVE;
				CLANG_WARN_UNREACHABLE_CODE = YES;
				CLANG_WARN__DUPLICATE_METHOD_MATCH = YES;
				COPY_PHASE_STRIP = NO;
				DEBUG_INFORMATION_FORMAT = "dwarf-with-dsym";
				ENABLE_NS_ASSERTIONS = NO;
				ENABLE_STRICT_OBJC_MSGSEND = YES;
				GCC_C_LANGUAGE_STANDARD = gnu11;
				GCC_NO_COMMON_BLOCKS = YES;
				GCC_WARN_64_TO_32_BIT_CONVERSION = YES;
				GCC_WARN_ABOUT_RETURN_TYPE = YES_ERROR;
				GCC_WARN_UNDECLARED_SELECTOR = YES;
				GCC_WARN_UNINITIALIZED_AUTOS = YES_AGGRESSIVE;
				GCC_WARN_UNUSED_FUNCTION = YES;
				GCC_WARN_UNUSED_VARIABLE = YES;
				IPHONEOS_DEPLOYMENT_TARGET = 13.2;
				MTL_ENABLE_DEBUG_INFO = NO;
				MTL_FAST_MATH = YES;
				SDKROOT = iphoneos;
				SWIFT_COMPILATION_MODE = wholemodule;
				SWIFT_OPTIMIZATION_LEVEL = "-O";
				VALIDATE_PRODUCT = YES;
			};
			name = Release;
		};
		3668583A239FBFAF00346A56 /* Debug */ = {
			isa = XCBuildConfiguration;
			buildSettings = {
				ASSETCATALOG_COMPILER_APPICON_NAME = AppIcon;
				CODE_SIGN_STYLE = Automatic;
				DEVELOPMENT_TEAM = 2H66L8VL4G;
				INFOPLIST_FILE = Minimalist/Info.plist;
				LD_RUNPATH_SEARCH_PATHS = (
					"$(inherited)",
					"@executable_path/Frameworks",
				);
				PRODUCT_BUNDLE_IDENTIFIER = fr.utt.if26.Minimalist;
				PRODUCT_NAME = "$(TARGET_NAME)";
				SWIFT_VERSION = 5.0;
				TARGETED_DEVICE_FAMILY = "1,2";
			};
			name = Debug;
		};
		3668583B239FBFAF00346A56 /* Release */ = {
			isa = XCBuildConfiguration;
			buildSettings = {
				ASSETCATALOG_COMPILER_APPICON_NAME = AppIcon;
				CODE_SIGN_STYLE = Automatic;
				DEVELOPMENT_TEAM = 2H66L8VL4G;
				INFOPLIST_FILE = Minimalist/Info.plist;
				LD_RUNPATH_SEARCH_PATHS = (
					"$(inherited)",
					"@executable_path/Frameworks",
				);
				PRODUCT_BUNDLE_IDENTIFIER = fr.utt.if26.Minimalist;
				PRODUCT_NAME = "$(TARGET_NAME)";
				SWIFT_VERSION = 5.0;
				TARGETED_DEVICE_FAMILY = "1,2";
			};
			name = Release;
		};
/* End XCBuildConfiguration section */

/* Begin XCConfigurationList section */
		3668581D239FBFAD00346A56 /* Build configuration list for PBXProject "Minimalist" */ = {
			isa = XCConfigurationList;
			buildConfigurations = (
				36685837239FBFAF00346A56 /* Debug */,
				36685838239FBFAF00346A56 /* Release */,
			);
			defaultConfigurationIsVisible = 0;
			defaultConfigurationName = Release;
		};
		36685839239FBFAF00346A56 /* Build configuration list for PBXNativeTarget "Minimalist" */ = {
			isa = XCConfigurationList;
			buildConfigurations = (
				3668583A239FBFAF00346A56 /* Debug */,
				3668583B239FBFAF00346A56 /* Release */,
			);
			defaultConfigurationIsVisible = 0;
			defaultConfigurationName = Release;
		};
/* End XCConfigurationList section */

/* Begin XCVersionGroup section */
		3668582E239FBFAD00346A56 /* Minimalist.xcdatamodeld */ = {
			isa = XCVersionGroup;
			children = (
				3668582F239FBFAD00346A56 /* Minimalist.xcdatamodel */,
			);
			currentVersion = 3668582F239FBFAD00346A56 /* Minimalist.xcdatamodel */;
			path = Minimalist.xcdatamodeld;
			sourceTree = "<group>";
			versionGroupType = wrapper.xcdatamodel;
		};
/* End XCVersionGroup section */
	};
	rootObject = 3668581A239FBFAD00346A56 /* Project object */;
}
